
Microsoft Visual Studio Solution File, Format Version 12.00
# Visual Studio Version 17
VisualStudioVersion = 17.14.36221.1 d17.14
MinimumVisualStudioVersion = 10.0.40219.1
Project("{8BC9CEB8-8B4A-11D0-8D11-00A0C91BC942}") = "MT3_04_03", "MT3_04_03.vcxproj", "{546EC4F7-81EB-4BAB-AA58-D83892B6B30B}"
EndProject
Global
	GlobalSection(SolutionConfigurationPlatforms) = preSolution
		Debug|x64 = Debug|x64
		Release|x64 = Release|x64
	EndGlobalSection
	GlobalSection(ProjectConfigurationPlatforms) = postSolution
		{546EC4F7-81EB-4BAB-AA58-D83892B6B30B}.Debug|x64.ActiveCfg = Debug|x64
		{546EC4F7-81EB-4BAB-AA58-D83892B6B30B}.Debug|x64.Build.0 = Debug|x64
		{546EC4F7-81EB-4BAB-AA58-D83892B6B30B}.Release|x64.ActiveCfg = Release|x64
		{546EC4F7-81EB-4BAB-AA58-D83892B6B30B}.Release|x64.Build.0 = Release|x64
	EndGlobalSection
	GlobalSection(SolutionProperties) = preSolution
		HideSolutionNode = FALSE
	EndGlobalSection
	GlobalSection(ExtensibilityGlobals) = postSolution
		SolutionGuid = {82FA9119-D66C-4B0D-A4A6-491106DF653A}
	EndGlobalSection
EndGlobal
